
Microsoft Visual Studio Solution File, Format Version 12.00
# Visual Studio Version 17
VisualStudioVersion = 17.7.34221.43
MinimumVisualStudioVersion = 10.0.40219.1
Project("{9A19103F-16F7-4668-BE54-9A1E7A4F7556}") = "TopSaladSolution.Infrastructure", "TopSaladSolution.Infrastructure\TopSaladSolution.Infrastructure.csproj", "{26B50FBE-B83B-4321-8256-0526185220AD}"
EndProject
Project("{9A19103F-16F7-4668-BE54-9A1E7A4F7556}") = "TopSaladSolution.Model", "TopSaladSolution.Model\TopSaladSolution.Model.csproj", "{703E6BB0-6670-4F40-9B9E-B4AE31CD2C32}"
EndProject
Project("{9A19103F-16F7-4668-BE54-9A1E7A4F7556}") = "TopSaladSolution.API", "TopSaladSolution.API\TopSaladSolution.API.csproj", "{A56034C3-1D76-4184-A1F2-34767F707D76}"
EndProject
Project("{9A19103F-16F7-4668-BE54-9A1E7A4F7556}") = "TopSaladSolution.Common", "TopSaladSolution.Common\TopSaladSolution.Common.csproj", "{9ADC3798-0EAF-46DF-B454-EDC67DAA456E}"
EndProject
Project("{9A19103F-16F7-4668-BE54-9A1E7A4F7556}") = "TopSaladSolution.AutoMapperProfile", "TopSaladSolution.AutoMapperProfile\TopSaladSolution.AutoMapperProfile.csproj", "{4655E129-1B18-4802-BD38-478C06D14171}"
EndProject
Project("{9A19103F-16F7-4668-BE54-9A1E7A4F7556}") = "TopSaladSolution.Application", "TopSaladSolution.Application\TopSaladSolution.Application.csproj", "{3BFAC3D2-597D-4F07-B3EF-5B83C4B43C40}"
EndProject
Project("{9A19103F-16F7-4668-BE54-9A1E7A4F7556}") = "TopSaladSolution.Offices", "TopSaladSolution.Offices\TopSaladSolution.Offices.csproj", "{49BC3E24-1618-4CB6-B2A3-088759523357}"
EndProject
Project("{2150E333-8FDC-42A3-9474-1A3956D46DE8}") = "CommonLibary", "CommonLibary", "{4C0C270A-B212-4722-83D4-A2C9C9D2AFE1}"
EndProject
Project("{FAE04EC0-301F-11D3-BF4B-00C04F79EFBC}") = "TopSaladSolution.DataAccess.Common", "TopSaladSolution.DataAccess.Common\TopSaladSolution.DataAccess.Common.csproj", "{B61EEAE3-F7ED-43A6-B94B-6DB9FFD020F7}"
EndProject
Global
	GlobalSection(SolutionConfigurationPlatforms) = preSolution
		Debug|Any CPU = Debug|Any CPU
		Release|Any CPU = Release|Any CPU
	EndGlobalSection
	GlobalSection(ProjectConfigurationPlatforms) = postSolution
		{26B50FBE-B83B-4321-8256-0526185220AD}.Debug|Any CPU.ActiveCfg = Debug|Any CPU
		{26B50FBE-B83B-4321-8256-0526185220AD}.Debug|Any CPU.Build.0 = Debug|Any CPU
		{26B50FBE-B83B-4321-8256-0526185220AD}.Release|Any CPU.ActiveCfg = Release|Any CPU
		{26B50FBE-B83B-4321-8256-0526185220AD}.Release|Any CPU.Build.0 = Release|Any CPU
		{703E6BB0-6670-4F40-9B9E-B4AE31CD2C32}.Debug|Any CPU.ActiveCfg = Debug|Any CPU
		{703E6BB0-6670-4F40-9B9E-B4AE31CD2C32}.Debug|Any CPU.Build.0 = Debug|Any CPU
		{703E6BB0-6670-4F40-9B9E-B4AE31CD2C32}.Release|Any CPU.ActiveCfg = Release|Any CPU
		{703E6BB0-6670-4F40-9B9E-B4AE31CD2C32}.Release|Any CPU.Build.0 = Release|Any CPU
		{A56034C3-1D76-4184-A1F2-34767F707D76}.Debug|Any CPU.ActiveCfg = Debug|Any CPU
		{A56034C3-1D76-4184-A1F2-34767F707D76}.Debug|Any CPU.Build.0 = Debug|Any CPU
		{A56034C3-1D76-4184-A1F2-34767F707D76}.Release|Any CPU.ActiveCfg = Release|Any CPU
		{A56034C3-1D76-4184-A1F2-34767F707D76}.Release|Any CPU.Build.0 = Release|Any CPU
		{9ADC3798-0EAF-46DF-B454-EDC67DAA456E}.Debug|Any CPU.ActiveCfg = Debug|Any CPU
		{9ADC3798-0EAF-46DF-B454-EDC67DAA456E}.Debug|Any CPU.Build.0 = Debug|Any CPU
		{9ADC3798-0EAF-46DF-B454-EDC67DAA456E}.Release|Any CPU.ActiveCfg = Release|Any CPU
		{9ADC3798-0EAF-46DF-B454-EDC67DAA456E}.Release|Any CPU.Build.0 = Release|Any CPU
		{4655E129-1B18-4802-BD38-478C06D14171}.Debug|Any CPU.ActiveCfg = Debug|Any CPU
		{4655E129-1B18-4802-BD38-478C06D14171}.Debug|Any CPU.Build.0 = Debug|Any CPU
		{4655E129-1B18-4802-BD38-478C06D14171}.Release|Any CPU.ActiveCfg = Release|Any CPU
		{4655E129-1B18-4802-BD38-478C06D14171}.Release|Any CPU.Build.0 = Release|Any CPU
		{3BFAC3D2-597D-4F07-B3EF-5B83C4B43C40}.Debug|Any CPU.ActiveCfg = Debug|Any CPU
		{3BFAC3D2-597D-4F07-B3EF-5B83C4B43C40}.Debug|Any CPU.Build.0 = Debug|Any CPU
		{3BFAC3D2-597D-4F07-B3EF-5B83C4B43C40}.Release|Any CPU.ActiveCfg = Release|Any CPU
		{3BFAC3D2-597D-4F07-B3EF-5B83C4B43C40}.Release|Any CPU.Build.0 = Release|Any CPU
		{49BC3E24-1618-4CB6-B2A3-088759523357}.Debug|Any CPU.ActiveCfg = Debug|Any CPU
		{49BC3E24-1618-4CB6-B2A3-088759523357}.Debug|Any CPU.Build.0 = Debug|Any CPU
		{49BC3E24-1618-4CB6-B2A3-088759523357}.Release|Any CPU.ActiveCfg = Release|Any CPU
		{49BC3E24-1618-4CB6-B2A3-088759523357}.Release|Any CPU.Build.0 = Release|Any CPU
		{B61EEAE3-F7ED-43A6-B94B-6DB9FFD020F7}.Debug|Any CPU.ActiveCfg = Debug|Any CPU
		{B61EEAE3-F7ED-43A6-B94B-6DB9FFD020F7}.Debug|Any CPU.Build.0 = Debug|Any CPU
		{B61EEAE3-F7ED-43A6-B94B-6DB9FFD020F7}.Release|Any CPU.ActiveCfg = Release|Any CPU
		{B61EEAE3-F7ED-43A6-B94B-6DB9FFD020F7}.Release|Any CPU.Build.0 = Release|Any CPU
	EndGlobalSection
	GlobalSection(SolutionProperties) = preSolution
		HideSolutionNode = FALSE
	EndGlobalSection
	GlobalSection(NestedProjects) = preSolution
		{B61EEAE3-F7ED-43A6-B94B-6DB9FFD020F7} = {4C0C270A-B212-4722-83D4-A2C9C9D2AFE1}
	EndGlobalSection
	GlobalSection(ExtensibilityGlobals) = postSolution
		SolutionGuid = {1A69D38C-4EC7-4C33-BDB4-3CAEBCDB94A5}
	EndGlobalSection
EndGlobal
